<?xml version="1.0" encoding="UTF-8"?>
<Project ToolsVersion="14.0" xmlns="http://schemas.microsoft.com/developer/msbuild/2003">
  <ItemGroup>
    <ClCompile Include="D:\Chrysalis\code\ChrysalisCore\StdAfx.cpp">
      <Filter>Main</Filter>
    </ClCompile>
    <ClCompile Include="D:\Chrysalis\code\ChrysalisCore\Plugin\ChrysalisCore.cpp">
      <Filter>Plugin</Filter>
    </ClCompile>
    <ClCompile Include="D:\Chrysalis\code\ChrysalisCore\Plugin\ChrysalisCorePlugin.cpp">
      <Filter>Plugin</Filter>
    </ClCompile>
    <ClCompile Include="D:\Chrysalis\code\ChrysalisCore\Game\GameRules.cpp">
      <Filter>Game</Filter>
    </ClCompile>
    <ClCompile Include="D:\Chrysalis\code\ChrysalisCore\Player\Player.cpp">
      <Filter>Player</Filter>
    </ClCompile>
    <ClCompile Include="D:\Chrysalis\code\ChrysalisCore\Player\Input\PlayerInputComponent.cpp">
      <Filter>Player\Input</Filter>
    </ClCompile>
    <ClCompile Include="D:\Chrysalis\code\ChrysalisCore\Actor\Actor.cpp">
      <Filter>Actor</Filter>
    </ClCompile>
    <ClCompile Include="D:\Chrysalis\code\ChrysalisCore\Actor\Animation\ActorAnimation.cpp">
      <Filter>Actor\Animation</Filter>
    </ClCompile>
    <ClCompile Include="D:\Chrysalis\code\ChrysalisCore\Actor\Animation\ActorAnimationEvents.cpp">
      <Filter>Actor\Animation</Filter>
    </ClCompile>
    <ClCompile Include="D:\Chrysalis\code\ChrysalisCore\Actor\Animation\Actions\ActorAnimationActionAiming.cpp">
      <Filter>Actor\Animation\Actions</Filter>
    </ClCompile>
    <ClCompile Include="D:\Chrysalis\code\ChrysalisCore\Actor\Animation\Actions\ActorAnimationActionAimPose.cpp">
      <Filter>Actor\Animation\Actions</Filter>
    </ClCompile>
    <ClCompile Include="D:\Chrysalis\code\ChrysalisCore\Actor\Animation\Actions\ActorAnimationActionCooperative.cpp">
      <Filter>Actor\Animation\Actions</Filter>
    </ClCompile>
    <ClCompile Include="D:\Chrysalis\code\ChrysalisCore\Actor\Animation\Actions\ActorAnimationActionEmote.cpp">
      <Filter>Actor\Animation\Actions</Filter>
    </ClCompile>
    <ClCompile Include="D:\Chrysalis\code\ChrysalisCore\Actor\Animation\Actions\ActorAnimationActionInteration.cpp">
      <Filter>Actor\Animation\Actions</Filter>
    </ClCompile>
    <ClCompile Include="D:\Chrysalis\code\ChrysalisCore\Actor\Animation\Actions\ActorAnimationActionLocomotion.cpp">
      <Filter>Actor\Animation\Actions</Filter>
    </ClCompile>
    <ClCompile Include="D:\Chrysalis\code\ChrysalisCore\Actor\Animation\Actions\ActorAnimationActionLooking.cpp">
      <Filter>Actor\Animation\Actions</Filter>
    </ClCompile>
    <ClCompile Include="D:\Chrysalis\code\ChrysalisCore\Actor\Animation\Actions\ActorAnimationActionLookPose.cpp">
      <Filter>Actor\Animation\Actions</Filter>
    </ClCompile>
    <ClCompile Include="D:\Chrysalis\code\ChrysalisCore\Actor\Character\Character.cpp">
      <Filter>Actor\Character</Filter>
    </ClCompile>
    <ClCompile Include="D:\Chrysalis\code\ChrysalisCore\Actor\Character\Movement\CharacterMovementController.cpp">
      <Filter>Actor\Character\Movement</Filter>
    </ClCompile>
    <ClCompile Include="D:\Chrysalis\code\ChrysalisCore\Actor\Character\Movement\CharacterRotation.cpp">
      <Filter>Actor\Character\Movement</Filter>
    </ClCompile>
    <ClCompile Include="D:\Chrysalis\code\ChrysalisCore\Actor\Character\Movement\StateMachine\CharacterStateAIMovement.cpp">
      <Filter>Actor\Character\Movement\StateMachine</Filter>
    </ClCompile>
    <ClCompile Include="D:\Chrysalis\code\ChrysalisCore\Actor\Character\Movement\StateMachine\CharacterStateAnimationControlled.cpp">
      <Filter>Actor\Character\Movement\StateMachine</Filter>
    </ClCompile>
    <ClCompile Include="D:\Chrysalis\code\ChrysalisCore\Actor\Character\Movement\StateMachine\CharacterStateDead.cpp">
      <Filter>Actor\Character\Movement\StateMachine</Filter>
    </ClCompile>
    <ClCompile Include="D:\Chrysalis\code\ChrysalisCore\Actor\Character\Movement\StateMachine\CharacterStateEntry.cpp">
      <Filter>Actor\Character\Movement\StateMachine</Filter>
    </ClCompile>
    <ClCompile Include="D:\Chrysalis\code\ChrysalisCore\Actor\Character\Movement\StateMachine\CharacterStateFly.cpp">
      <Filter>Actor\Character\Movement\StateMachine</Filter>
    </ClCompile>
    <ClCompile Include="D:\Chrysalis\code\ChrysalisCore\Actor\Character\Movement\StateMachine\CharacterStateGround.cpp">
      <Filter>Actor\Character\Movement\StateMachine</Filter>
    </ClCompile>
    <ClCompile Include="D:\Chrysalis\code\ChrysalisCore\Actor\Character\Movement\StateMachine\CharacterStateJump.cpp">
      <Filter>Actor\Character\Movement\StateMachine</Filter>
    </ClCompile>
    <ClCompile Include="D:\Chrysalis\code\ChrysalisCore\Actor\Character\Movement\StateMachine\CharacterStateLadder.cpp">
      <Filter>Actor\Character\Movement\StateMachine</Filter>
    </ClCompile>
    <ClCompile Include="D:\Chrysalis\code\ChrysalisCore\Actor\Character\Movement\StateMachine\CharacterStateLedge.cpp">
      <Filter>Actor\Character\Movement\StateMachine</Filter>
    </ClCompile>
    <ClCompile Include="D:\Chrysalis\code\ChrysalisCore\Actor\Character\Movement\StateMachine\CharacterStateLinked.cpp">
      <Filter>Actor\Character\Movement\StateMachine</Filter>
    </ClCompile>
    <ClCompile Include="D:\Chrysalis\code\ChrysalisCore\Actor\Character\Movement\StateMachine\CharacterStateMovement.cpp">
      <Filter>Actor\Character\Movement\StateMachine</Filter>
    </ClCompile>
    <ClCompile Include="D:\Chrysalis\code\ChrysalisCore\Actor\Character\Movement\StateMachine\CharacterStateSpectate.cpp">
      <Filter>Actor\Character\Movement\StateMachine</Filter>
    </ClCompile>
    <ClCompile Include="D:\Chrysalis\code\ChrysalisCore\Actor\Character\Movement\StateMachine\CharacterStateSwim.cpp">
      <Filter>Actor\Character\Movement\StateMachine</Filter>
    </ClCompile>
    <ClCompile Include="D:\Chrysalis\code\ChrysalisCore\Actor\Character\Movement\StateMachine\CharacterStateSwimWaterTestProxy.cpp">
      <Filter>Actor\Character\Movement\StateMachine</Filter>
    </ClCompile>
    <ClCompile Include="D:\Chrysalis\code\ChrysalisCore\Actor\Inventory\EntityInventory.cpp">
      <Filter>Actor\Inventory</Filter>
    </ClCompile>
    <ClCompile Include="D:\Chrysalis\code\ChrysalisCore\Actor\Movement\ActorMovementController.cpp">
      <Filter>Actor\Movement</Filter>
    </ClCompile>
    <ClCompile Include="D:\Chrysalis\code\ChrysalisCore\Actor\Movement\StateMachine\ActorStateUtility.cpp">
      <Filter>Actor\Movement\StateMachine</Filter>
    </ClCompile>
    <ClCompile Include="D:\Chrysalis\code\ChrysalisCore\Animation\Animation.cpp">
      <Filter>Animation</Filter>
    </ClCompile>
    <ClCompile Include="D:\Chrysalis\code\ChrysalisCore\Player\Camera\ActionRPGCameraComponent.cpp">
      <Filter>Player\Camera</Filter>
    </ClCompile>
    <ClCompile Include="D:\Chrysalis\code\ChrysalisCore\Player\Camera\CameraManagerComponent.cpp">
      <Filter>Player\Camera</Filter>
    </ClCompile>
    <ClCompile Include="D:\Chrysalis\code\ChrysalisCore\Player\Camera\FirstPersonCameraComponent.cpp">
      <Filter>Player\Camera</Filter>
    </ClCompile>
    <ClCompile Include="D:\Chrysalis\code\ChrysalisCore\Player\Camera\ICameraComponent.cpp">
      <Filter>Player\Camera</Filter>
    </ClCompile>
    <ClCompile Include="D:\Chrysalis\code\ChrysalisCore\Components\Animation\ControlledAnimationComponent.cpp">
      <Filter>Components</Filter>
    </ClCompile>
    <ClCompile Include="D:\Chrysalis\code\ChrysalisCore\Components\Animation\SimpleAnimationComponent.cpp">
      <Filter>Components</Filter>
    </ClCompile>
    <ClCompile Include="D:\Chrysalis\code\ChrysalisCore\Components\Geometry\GeometryComponent.cpp">
      <Filter>Components</Filter>
    </ClCompile>
    <ClCompile Include="D:\Chrysalis\code\ChrysalisCore\Components\Lights\DynamicLightComponent.cpp">
      <Filter>Components</Filter>
    </ClCompile>
    <ClCompile Include="D:\Chrysalis\code\ChrysalisCore\Components\Particles\ParticleComponent.cpp">
      <Filter>Components</Filter>
    </ClCompile>
    <ClCompile Include="D:\Chrysalis\code\ChrysalisCore\Components\Interaction\DRSInteractionComponent.cpp">
      <Filter>Components\Interaction</Filter>
    </ClCompile>
    <ClCompile Include="D:\Chrysalis\code\ChrysalisCore\Components\Interaction\EntityAwarenessComponent.cpp">
      <Filter>Components\Interaction</Filter>
    </ClCompile>
    <ClCompile Include="D:\Chrysalis\code\ChrysalisCore\Components\Interaction\EntityInteractionComponent.cpp">
      <Filter>Components\Interaction</Filter>
    </ClCompile>
    <ClCompile Include="D:\Chrysalis\code\ChrysalisCore\Components\Interaction\ItemInteractionComponent.cpp">
      <Filter>Components\Interaction</Filter>
    </ClCompile>
    <ClCompile Include="D:\Chrysalis\code\ChrysalisCore\Components\Lockable\KeyringComponent.cpp">
      <Filter>Components\Lockable</Filter>
    </ClCompile>
    <ClCompile Include="D:\Chrysalis\code\ChrysalisCore\Components\Lockable\LockableComponent.cpp">
      <Filter>Components\Lockable</Filter>
    </ClCompile>
    <ClCompile Include="D:\Chrysalis\code\ChrysalisCore\Components\Openable\ContainerComponent.cpp">
      <Filter>Components\Openable</Filter>
    </ClCompile>
    <ClCompile Include="D:\Chrysalis\code\ChrysalisCore\Components\Switchable\SwitchComponent.cpp">
      <Filter>Components\Switchable</Filter>
    </ClCompile>
    <ClCompile Include="D:\Chrysalis\code\ChrysalisCore\ConsoleCommands\ConsoleCommands.cpp">
      <Filter>ConsoleCommands</Filter>
    </ClCompile>
    <ClCompile Include="D:\Chrysalis\code\ChrysalisCore\DynamicResponseSystem\ActionClose.cpp">
      <Filter>DynamicResponseSystem</Filter>
    </ClCompile>
    <ClCompile Include="D:\Chrysalis\code\ChrysalisCore\DynamicResponseSystem\ActionLock.cpp">
      <Filter>DynamicResponseSystem</Filter>
    </ClCompile>
    <ClCompile Include="D:\Chrysalis\code\ChrysalisCore\DynamicResponseSystem\ActionOpen.cpp">
      <Filter>DynamicResponseSystem</Filter>
    </ClCompile>
    <ClCompile Include="D:\Chrysalis\code\ChrysalisCore\DynamicResponseSystem\ActionPlayAnimation.cpp">
      <Filter>DynamicResponseSystem</Filter>
    </ClCompile>
    <ClCompile Include="D:\Chrysalis\code\ChrysalisCore\DynamicResponseSystem\ActionSwitch.cpp">
      <Filter>DynamicResponseSystem</Filter>
    </ClCompile>
    <ClCompile Include="D:\Chrysalis\code\ChrysalisCore\DynamicResponseSystem\ActionUnlock.cpp">
      <Filter>DynamicResponseSystem</Filter>
    </ClCompile>
    <ClCompile Include="D:\Chrysalis\code\ChrysalisCore\DynamicResponseSystem\ConditionDistanceToEntity.cpp">
      <Filter>DynamicResponseSystem</Filter>
    </ClCompile>
    <ClCompile Include="D:\Chrysalis\code\ChrysalisCore\Entities\EntityEffects.cpp">
      <Filter>Entities</Filter>
    </ClCompile>
    <ClCompile Include="D:\Chrysalis\code\ChrysalisCore\Entities\Compass\CompassComponent.cpp">
      <Filter>Entities\Compass</Filter>
    </ClCompile>
    <ClCompile Include="D:\Chrysalis\code\ChrysalisCore\Entities\Doors\AnimatedDoorComponent.cpp">
      <Filter>Entities\Doors</Filter>
    </ClCompile>
    <ClCompile Include="D:\Chrysalis\code\ChrysalisCore\Entities\Flashlight\FlashlightComponent.cpp">
      <Filter>Entities\Flashlight</Filter>
    </ClCompile>
    <ClCompile Include="D:\Chrysalis\code\ChrysalisCore\Entities\Interaction\DRSInteractionEntity.cpp">
      <Filter>Entities\Interaction</Filter>
    </ClCompile>
    <ClCompile Include="D:\Chrysalis\code\ChrysalisCore\Helpers\DesignerEntityComponent.cpp">
      <Filter>Helpers</Filter>
    </ClCompile>
    <ClCompile Include="D:\Chrysalis\code\ChrysalisCore\Item\Item.cpp">
      <Filter>Item</Filter>
    </ClCompile>
    <ClCompile Include="D:\Chrysalis\code\ChrysalisCore\Item\ItemAccessory.cpp">
      <Filter>Item</Filter>
    </ClCompile>
    <ClCompile Include="D:\Chrysalis\code\ChrysalisCore\Item\ItemEffect.cpp">
      <Filter>Item</Filter>
    </ClCompile>
    <ClCompile Include="D:\Chrysalis\code\ChrysalisCore\Item\Accessory\Accessory.cpp">
      <Filter>Item\Accessory</Filter>
    </ClCompile>
    <ClCompile Include="D:\Chrysalis\code\ChrysalisCore\Item\Flashlight\ItemFlashlightParameter.cpp">
      <Filter>Item\Flashlight</Filter>
    </ClCompile>
    <ClCompile Include="D:\Chrysalis\code\ChrysalisCore\Item\Flashlight\ItemFlashlightParameterShared.cpp">
      <Filter>Item\Flashlight</Filter>
    </ClCompile>
    <ClCompile Include="D:\Chrysalis\code\ChrysalisCore\Item\Parameters\ItemAccessoryParameter.cpp">
      <Filter>Item\Parameters</Filter>
    </ClCompile>
    <ClCompile Include="D:\Chrysalis\code\ChrysalisCore\Item\Parameters\ItemBaseParameter.cpp">
      <Filter>Item\Parameters</Filter>
    </ClCompile>
    <ClCompile Include="D:\Chrysalis\code\ChrysalisCore\Item\Parameters\ItemGeometryParameter.cpp">
      <Filter>Item\Parameters</Filter>
    </ClCompile>
    <ClCompile Include="D:\Chrysalis\code\ChrysalisCore\Item\Parameters\ItemLaserParameter.cpp">
      <Filter>Item\Parameters</Filter>
    </ClCompile>
    <ClCompile Include="D:\Chrysalis\code\ChrysalisCore\ObjectID\ObjectId.cpp">
      <Filter>ObjectID</Filter>
    </ClCompile>
    <ClCompile Include="D:\Chrysalis\code\ChrysalisCore\ObjectID\ObjectIdMasterFactory.cpp">
      <Filter>ObjectID</Filter>
    </ClCompile>
    <ClCompile Include="D:\Chrysalis\code\ChrysalisCore\SharedParameters\DynamicLight.cpp">
      <Filter>SharedParameters</Filter>
    </ClCompile>
    <ClCompile Include="D:\Chrysalis\code\ChrysalisCore\SharedParameters\FogVolume.cpp">
      <Filter>SharedParameters</Filter>
    </ClCompile>
    <ClCompile Include="D:\Chrysalis\code\ChrysalisCore\Utility\AutoEnum.cpp">
      <Filter>Utility</Filter>
    </ClCompile>
    <ClCompile Include="D:\Chrysalis\code\ChrysalisCore\Utility\CryWatch.cpp">
      <Filter>Utility</Filter>
    </ClCompile>
    <ClCompile Include="D:\Chrysalis\code\ChrysalisCore\Utility\DesignerWarning.cpp">
      <Filter>Utility</Filter>
    </ClCompile>
    <ClCompile Include="D:\Chrysalis\code\ChrysalisCore\Utility\DRS.cpp">
      <Filter>Utility</Filter>
    </ClCompile>
    <ClCompile Include="D:\Chrysalis\code\ChrysalisCore\Utility\LocalizeUtility.cpp">
      <Filter>Utility</Filter>
    </ClCompile>
    <ClCompile Include="D:\Chrysalis\code\ChrysalisCore\Utility\StringUtils.cpp">
      <Filter>Utility</Filter>
    </ClCompile>
  </ItemGroup>
  <ItemGroup>
    <ClInclude Include="D:\Chrysalis\code\ChrysalisCore\StdAfx.h">
      <Filter>Main</Filter>
    </ClInclude>
    <ClInclude Include="D:\Chrysalis\code\ChrysalisCore\Plugin\ChrysalisCore.h">
      <Filter>Plugin</Filter>
    </ClInclude>
    <ClInclude Include="D:\Chrysalis\code\ChrysalisCore\Plugin\ChrysalisCorePlugin.h">
      <Filter>Plugin</Filter>
    </ClInclude>
    <ClInclude Include="D:\Chrysalis\code\ChrysalisCore\Game\GameRules.h">
      <Filter>Game</Filter>
    </ClInclude>
    <ClInclude Include="D:\Chrysalis\code\ChrysalisCore\Entities\Helpers\ISimpleExtension.h">
      <Filter>Entities\Helpers</Filter>
    </ClInclude>
    <ClInclude Include="D:\Chrysalis\code\ChrysalisCore\Player\Player.h">
      <Filter>Player</Filter>
    </ClInclude>
    <ClInclude Include="D:\Chrysalis\code\ChrysalisCore\Player\Input\IPlayerInputComponent.h">
      <Filter>Player\Input</Filter>
    </ClInclude>
    <ClInclude Include="D:\Chrysalis\code\ChrysalisCore\Player\Input\PlayerInputComponent.h">
      <Filter>Player\Input</Filter>
    </ClInclude>
    <ClInclude Include="D:\Chrysalis\code\ChrysalisCore\Actor\Actor.h">
      <Filter>Actor</Filter>
    </ClInclude>
    <ClInclude Include="D:\Chrysalis\code\ChrysalisCore\Actor\ActorPhysics.h">
      <Filter>Actor</Filter>
    </ClInclude>
    <ClInclude Include="D:\Chrysalis\code\ChrysalisCore\Actor\ActorStance.h">
      <Filter>Actor</Filter>
    </ClInclude>
    <ClInclude Include="D:\Chrysalis\code\ChrysalisCore\Actor\ActorState.h">
      <Filter>Actor</Filter>
    </ClInclude>
    <ClInclude Include="D:\Chrysalis\code\ChrysalisCore\Actor\Fate.h">
      <Filter>Actor</Filter>
    </ClInclude>
    <ClInclude Include="D:\Chrysalis\code\ChrysalisCore\Actor\IActorEventListener.h">
      <Filter>Actor</Filter>
    </ClInclude>
    <ClInclude Include="D:\Chrysalis\code\ChrysalisCore\Actor\ISimpleActor.h">
      <Filter>Actor</Filter>
    </ClInclude>
    <ClInclude Include="D:\Chrysalis\code\ChrysalisCore\Actor\Animation\ActorAnimation.h">
      <Filter>Actor\Animation</Filter>
    </ClInclude>
    <ClInclude Include="D:\Chrysalis\code\ChrysalisCore\Actor\Animation\ActorAnimationEvents.h">
      <Filter>Actor\Animation</Filter>
    </ClInclude>
    <ClInclude Include="D:\Chrysalis\code\ChrysalisCore\Actor\Animation\Actions\ActorAnimationActionAiming.h">
      <Filter>Actor\Animation\Actions</Filter>
    </ClInclude>
    <ClInclude Include="D:\Chrysalis\code\ChrysalisCore\Actor\Animation\Actions\ActorAnimationActionAimPose.h">
      <Filter>Actor\Animation\Actions</Filter>
    </ClInclude>
    <ClInclude Include="D:\Chrysalis\code\ChrysalisCore\Actor\Animation\Actions\ActorAnimationActionCooperative.h">
      <Filter>Actor\Animation\Actions</Filter>
    </ClInclude>
    <ClInclude Include="D:\Chrysalis\code\ChrysalisCore\Actor\Animation\Actions\ActorAnimationActionEmote.h">
      <Filter>Actor\Animation\Actions</Filter>
    </ClInclude>
    <ClInclude Include="D:\Chrysalis\code\ChrysalisCore\Actor\Animation\Actions\ActorAnimationActionInteration.h">
      <Filter>Actor\Animation\Actions</Filter>
    </ClInclude>
    <ClInclude Include="D:\Chrysalis\code\ChrysalisCore\Actor\Animation\Actions\ActorAnimationActionLocomotion.h">
      <Filter>Actor\Animation\Actions</Filter>
    </ClInclude>
    <ClInclude Include="D:\Chrysalis\code\ChrysalisCore\Actor\Animation\Actions\ActorAnimationActionLooking.h">
      <Filter>Actor\Animation\Actions</Filter>
    </ClInclude>
    <ClInclude Include="D:\Chrysalis\code\ChrysalisCore\Actor\Animation\Actions\ActorAnimationActionLookPose.h">
      <Filter>Actor\Animation\Actions</Filter>
    </ClInclude>
    <ClInclude Include="D:\Chrysalis\code\ChrysalisCore\Actor\Character\Character.h">
      <Filter>Actor\Character</Filter>
    </ClInclude>
    <ClInclude Include="D:\Chrysalis\code\ChrysalisCore\Actor\Character\Movement\CharacterMovementController.h">
      <Filter>Actor\Character\Movement</Filter>
    </ClInclude>
    <ClInclude Include="D:\Chrysalis\code\ChrysalisCore\Actor\Character\Movement\CharacterRotation.h">
      <Filter>Actor\Character\Movement</Filter>
    </ClInclude>
    <ClInclude Include="D:\Chrysalis\code\ChrysalisCore\Actor\Character\Movement\StateMachine\CharacterStateDead.h">
      <Filter>Actor\Character\Movement\StateMachine</Filter>
    </ClInclude>
    <ClInclude Include="D:\Chrysalis\code\ChrysalisCore\Actor\Character\Movement\StateMachine\CharacterStateEvents.h">
      <Filter>Actor\Character\Movement\StateMachine</Filter>
    </ClInclude>
    <ClInclude Include="D:\Chrysalis\code\ChrysalisCore\Actor\Character\Movement\StateMachine\CharacterStateFly.h">
      <Filter>Actor\Character\Movement\StateMachine</Filter>
    </ClInclude>
    <ClInclude Include="D:\Chrysalis\code\ChrysalisCore\Actor\Character\Movement\StateMachine\CharacterStateGround.h">
      <Filter>Actor\Character\Movement\StateMachine</Filter>
    </ClInclude>
    <ClInclude Include="D:\Chrysalis\code\ChrysalisCore\Actor\Character\Movement\StateMachine\CharacterStateJump.h">
      <Filter>Actor\Character\Movement\StateMachine</Filter>
    </ClInclude>
    <ClInclude Include="D:\Chrysalis\code\ChrysalisCore\Actor\Character\Movement\StateMachine\CharacterStateLadder.h">
      <Filter>Actor\Character\Movement\StateMachine</Filter>
    </ClInclude>
    <ClInclude Include="D:\Chrysalis\code\ChrysalisCore\Actor\Character\Movement\StateMachine\CharacterStateLedge.h">
      <Filter>Actor\Character\Movement\StateMachine</Filter>
    </ClInclude>
    <ClInclude Include="D:\Chrysalis\code\ChrysalisCore\Actor\Character\Movement\StateMachine\CharacterStateSpectate.h">
      <Filter>Actor\Character\Movement\StateMachine</Filter>
    </ClInclude>
    <ClInclude Include="D:\Chrysalis\code\ChrysalisCore\Actor\Character\Movement\StateMachine\CharacterStateSwim.h">
      <Filter>Actor\Character\Movement\StateMachine</Filter>
    </ClInclude>
    <ClInclude Include="D:\Chrysalis\code\ChrysalisCore\Actor\Character\Movement\StateMachine\CharacterStateSwimWaterTestProxy.h">
      <Filter>Actor\Character\Movement\StateMachine</Filter>
    </ClInclude>
    <ClInclude Include="D:\Chrysalis\code\ChrysalisCore\Actor\Inventory\EntityInventory.h">
      <Filter>Actor\Inventory</Filter>
    </ClInclude>
    <ClInclude Include="D:\Chrysalis\code\ChrysalisCore\Actor\Movement\ActorMovementController.h">
      <Filter>Actor\Movement</Filter>
    </ClInclude>
    <ClInclude Include="D:\Chrysalis\code\ChrysalisCore\Actor\Movement\StateMachine\ActorStateEvents.h">
      <Filter>Actor\Movement\StateMachine</Filter>
    </ClInclude>
    <ClInclude Include="D:\Chrysalis\code\ChrysalisCore\Actor\Movement\StateMachine\ActorStateUtility.h">
      <Filter>Actor\Movement\StateMachine</Filter>
    </ClInclude>
    <ClInclude Include="D:\Chrysalis\code\ChrysalisCore\Animation\Animation.h">
      <Filter>Animation</Filter>
    </ClInclude>
    <ClInclude Include="D:\Chrysalis\code\ChrysalisCore\Player\Camera\ActionRPGCameraComponent.h">
      <Filter>Player\Camera</Filter>
    </ClInclude>
    <ClInclude Include="D:\Chrysalis\code\ChrysalisCore\Player\Camera\CameraManagerComponent.h">
      <Filter>Player\Camera</Filter>
    </ClInclude>
    <ClInclude Include="D:\Chrysalis\code\ChrysalisCore\Player\Camera\FirstPersonCameraComponent.h">
      <Filter>Player\Camera</Filter>
    </ClInclude>
    <ClInclude Include="D:\Chrysalis\code\ChrysalisCore\Player\Camera\ICameraComponent.h">
      <Filter>Player\Camera</Filter>
    </ClInclude>
    <ClInclude Include="D:\Chrysalis\code\ChrysalisCore\Components\Animation\ControlledAnimationComponent.h">
      <Filter>Components</Filter>
    </ClInclude>
    <ClInclude Include="D:\Chrysalis\code\ChrysalisCore\Components\Animation\SimpleAnimationComponent.h">
      <Filter>Components</Filter>
    </ClInclude>
    <ClInclude Include="D:\Chrysalis\code\ChrysalisCore\Components\Geometry\GeometryComponent.h">
      <Filter>Components</Filter>
    </ClInclude>
    <ClInclude Include="D:\Chrysalis\code\ChrysalisCore\Components\Lights\DynamicLightComponent.h">
      <Filter>Components</Filter>
    </ClInclude>
    <ClInclude Include="D:\Chrysalis\code\ChrysalisCore\Components\Particles\ParticleComponent.h">
      <Filter>Components</Filter>
    </ClInclude>
    <ClInclude Include="D:\Chrysalis\code\ChrysalisCore\Components\Interaction\DRSInteractionComponent.h">
      <Filter>Components\Interaction</Filter>
    </ClInclude>
    <ClInclude Include="D:\Chrysalis\code\ChrysalisCore\Components\Interaction\EntityAwarenessComponent.h">
      <Filter>Components\Interaction</Filter>
    </ClInclude>
    <ClInclude Include="D:\Chrysalis\code\ChrysalisCore\Components\Interaction\EntityInteractionComponent.h">
      <Filter>Components\Interaction</Filter>
    </ClInclude>
    <ClInclude Include="D:\Chrysalis\code\ChrysalisCore\Components\Interaction\ItemInteractionComponent.h">
      <Filter>Components\Interaction</Filter>
    </ClInclude>
    <ClInclude Include="D:\Chrysalis\code\ChrysalisCore\Components\Lockable\KeyringComponent.h">
      <Filter>Components\Lockable</Filter>
    </ClInclude>
    <ClInclude Include="D:\Chrysalis\code\ChrysalisCore\Components\Lockable\LockableComponent.h">
      <Filter>Components\Lockable</Filter>
    </ClInclude>
    <ClInclude Include="D:\Chrysalis\code\ChrysalisCore\Components\Openable\ContainerComponent.h">
      <Filter>Components\Openable</Filter>
    </ClInclude>
    <ClInclude Include="D:\Chrysalis\code\ChrysalisCore\Components\Switchable\SwitchComponent.h">
      <Filter>Components\Switchable</Filter>
    </ClInclude>
    <ClInclude Include="D:\Chrysalis\code\ChrysalisCore\ConsoleCommands\ConsoleCommands.h">
      <Filter>ConsoleCommands</Filter>
    </ClInclude>
    <ClInclude Include="D:\Chrysalis\code\ChrysalisCore\DynamicResponseSystem\ActionClose.h">
      <Filter>DynamicResponseSystem</Filter>
    </ClInclude>
    <ClInclude Include="D:\Chrysalis\code\ChrysalisCore\DynamicResponseSystem\ActionLock.h">
      <Filter>DynamicResponseSystem</Filter>
    </ClInclude>
    <ClInclude Include="D:\Chrysalis\code\ChrysalisCore\DynamicResponseSystem\ActionOpen.h">
      <Filter>DynamicResponseSystem</Filter>
    </ClInclude>
    <ClInclude Include="D:\Chrysalis\code\ChrysalisCore\DynamicResponseSystem\ActionPlayAnimation.h">
      <Filter>DynamicResponseSystem</Filter>
    </ClInclude>
    <ClInclude Include="D:\Chrysalis\code\ChrysalisCore\DynamicResponseSystem\ActionSwitch.h">
      <Filter>DynamicResponseSystem</Filter>
    </ClInclude>
    <ClInclude Include="D:\Chrysalis\code\ChrysalisCore\DynamicResponseSystem\ActionUnlock.h">
      <Filter>DynamicResponseSystem</Filter>
    </ClInclude>
    <ClInclude Include="D:\Chrysalis\code\ChrysalisCore\DynamicResponseSystem\ConditionDistanceToEntity.h">
      <Filter>DynamicResponseSystem</Filter>
    </ClInclude>
    <ClInclude Include="D:\Chrysalis\code\ChrysalisCore\Entities\EntityEffects.h">
      <Filter>Entities</Filter>
    </ClInclude>
    <ClInclude Include="D:\Chrysalis\code\ChrysalisCore\Entities\Compass\CompassComponent.h">
      <Filter>Entities\Compass</Filter>
    </ClInclude>
    <ClInclude Include="D:\Chrysalis\code\ChrysalisCore\Entities\Doors\AnimatedDoorComponent.h">
      <Filter>Entities\Doors</Filter>
    </ClInclude>
    <ClInclude Include="D:\Chrysalis\code\ChrysalisCore\Entities\Flashlight\FlashlightComponent.h">
      <Filter>Entities\Flashlight</Filter>
    </ClInclude>
    <ClInclude Include="D:\Chrysalis\code\ChrysalisCore\Entities\Interaction\DRSInteractionEntity.h">
      <Filter>Entities\Interaction</Filter>
    </ClInclude>
    <ClInclude Include="D:\Chrysalis\code\ChrysalisCore\Entities\Interaction\IEntityInteraction.h">
      <Filter>Entities\Interaction</Filter>
    </ClInclude>
    <ClInclude Include="D:\Chrysalis\code\ChrysalisCore\Helpers\DesignerEntityComponent.h">
      <Filter>Helpers</Filter>
    </ClInclude>
    <ClInclude Include="D:\Chrysalis\code\ChrysalisCore\Item\Item.h">
      <Filter>Item</Filter>
    </ClInclude>
    <ClInclude Include="D:\Chrysalis\code\ChrysalisCore\Item\ISimpleItem.h">
      <Filter>Item</Filter>
    </ClInclude>
    <ClInclude Include="D:\Chrysalis\code\ChrysalisCore\Item\Accessory\Accessory.h">
      <Filter>Item\Accessory</Filter>
    </ClInclude>
    <ClInclude Include="D:\Chrysalis\code\ChrysalisCore\Item\Flashlight\ItemFlashlightParameter.h">
      <Filter>Item\Flashlight</Filter>
    </ClInclude>
    <ClInclude Include="D:\Chrysalis\code\ChrysalisCore\Item\Flashlight\ItemFlashlightParameterShared.h">
      <Filter>Item\Flashlight</Filter>
    </ClInclude>
    <ClInclude Include="D:\Chrysalis\code\ChrysalisCore\Item\Parameters\ItemAccessoryParameter.h">
      <Filter>Item\Parameters</Filter>
    </ClInclude>
    <ClInclude Include="D:\Chrysalis\code\ChrysalisCore\Item\Parameters\ItemBaseParameter.h">
      <Filter>Item\Parameters</Filter>
    </ClInclude>
    <ClInclude Include="D:\Chrysalis\code\ChrysalisCore\Item\Parameters\ItemGeometryParameter.h">
      <Filter>Item\Parameters</Filter>
    </ClInclude>
    <ClInclude Include="D:\Chrysalis\code\ChrysalisCore\Item\Parameters\ItemLaserParameter.h">
      <Filter>Item\Parameters</Filter>
    </ClInclude>
    <ClInclude Include="D:\Chrysalis\code\ChrysalisCore\ObjectID\ObjectId.h">
      <Filter>ObjectID</Filter>
    </ClInclude>
    <ClInclude Include="D:\Chrysalis\code\ChrysalisCore\ObjectID\ObjectIdMasterFactory.h">
      <Filter>ObjectID</Filter>
    </ClInclude>
    <ClInclude Include="D:\Chrysalis\code\ChrysalisCore\SharedParameters\DynamicLight.h">
      <Filter>SharedParameters</Filter>
    </ClInclude>
    <ClInclude Include="D:\Chrysalis\code\ChrysalisCore\SharedParameters\FogVolume.h">
      <Filter>SharedParameters</Filter>
    </ClInclude>
    <ClInclude Include="D:\Chrysalis\code\ChrysalisCore\SharedParameters\SharedParameters.h">
      <Filter>SharedParameters</Filter>
    </ClInclude>
    <ClInclude Include="D:\Chrysalis\code\ChrysalisCore\StateMachine\StateMachine.h">
      <Filter>StateMachine</Filter>
    </ClInclude>
    <ClInclude Include="D:\Chrysalis\code\ChrysalisCore\Utility\AutoEnum.h">
      <Filter>Utility</Filter>
    </ClInclude>
    <ClInclude Include="D:\Chrysalis\code\ChrysalisCore\Utility\CryHash.h">
      <Filter>Utility</Filter>
    </ClInclude>
    <ClInclude Include="D:\Chrysalis\code\ChrysalisCore\Utility\CryWatch.h">
      <Filter>Utility</Filter>
    </ClInclude>
    <ClInclude Include="D:\Chrysalis\code\ChrysalisCore\Utility\DesignerWarning.h">
      <Filter>Utility</Filter>
    </ClInclude>
    <ClInclude Include="D:\Chrysalis\code\ChrysalisCore\Utility\DRS.h">
      <Filter>Utility</Filter>
    </ClInclude>
    <ClInclude Include="D:\Chrysalis\code\ChrysalisCore\Utility\ItemString.h">
      <Filter>Utility</Filter>
    </ClInclude>
    <ClInclude Include="D:\Chrysalis\code\ChrysalisCore\Utility\LocalizeUtility.h">
      <Filter>Utility</Filter>
    </ClInclude>
    <ClInclude Include="D:\Chrysalis\code\ChrysalisCore\Utility\StringConversions.h">
      <Filter>Utility</Filter>
    </ClInclude>
    <ClInclude Include="D:\Chrysalis\code\ChrysalisCore\Utility\StringUtils.h">
      <Filter>Utility</Filter>
    </ClInclude>
  </ItemGroup>
  <ItemGroup>
    <CustomBuild Include="D:\Chrysalis\code\ChrysalisCore\CMakeLists.txt" />
  </ItemGroup>
  <ItemGroup>
    <Filter Include="Item\Accessory">
      <UniqueIdentifier>{46F96B46-33E6-3424-AE2D-E0C1E5A45E73}</UniqueIdentifier>
    </Filter>
    <Filter Include="Item\Flashlight">
      <UniqueIdentifier>{90FCF681-F014-3928-BB94-B33E2EF8AAB6}</UniqueIdentifier>
    </Filter>
    <Filter Include="Item\Parameters">
      <UniqueIdentifier>{C3C09DB6-A4BD-3DF3-A7FC-653A312FB7C0}</UniqueIdentifier>
    </Filter>
    <Filter Include="Components\Interaction">
      <UniqueIdentifier>{CA889945-EF34-3AC4-B250-9A251EF958C3}</UniqueIdentifier>
    </Filter>
    <Filter Include="Components\Lockable">
      <UniqueIdentifier>{B82760E4-E1F2-3CE4-B2F2-4C668964E69A}</UniqueIdentifier>
    </Filter>
    <Filter Include="Components\Openable">
      <UniqueIdentifier>{70812C02-FFB6-3501-932D-674209C77B2F}</UniqueIdentifier>
    </Filter>
    <Filter Include="Components\Switchable">
      <UniqueIdentifier>{9F1C70E9-377D-396B-BD6D-6A75139C5778}</UniqueIdentifier>
    </Filter>
    <Filter Include="Player\Camera">
      <UniqueIdentifier>{E18AE4B2-0CCC-315A-B45F-E80E3F4B0E6B}</UniqueIdentifier>
    </Filter>
    <Filter Include="Player\Input">
      <UniqueIdentifier>{3FE8CF6F-2D5A-3D1B-9E13-5E6EF8E2A449}</UniqueIdentifier>
    </Filter>
    <Filter Include="Entities\Helpers">
      <UniqueIdentifier>{AC968684-0448-3094-A8D5-452044179E8D}</UniqueIdentifier>
    </Filter>
    <Filter Include="Entities\Compass">
      <UniqueIdentifier>{0FD72B4B-9699-3963-8659-0CADED5BDA86}</UniqueIdentifier>
    </Filter>
    <Filter Include="Entities\Doors">
      <UniqueIdentifier>{1E511CAB-3622-377E-8342-6DD5B05322DE}</UniqueIdentifier>
    </Filter>
    <Filter Include="Entities\Flashlight">
      <UniqueIdentifier>{BDBC6E16-9880-3FE3-B2C5-997FDA6B63A7}</UniqueIdentifier>
    </Filter>
    <Filter Include="Entities\Interaction">
      <UniqueIdentifier>{CD94A635-2A20-39A9-BE2D-AB8683A52048}</UniqueIdentifier>
    </Filter>
    <Filter Include="Actor\Animation">
      <UniqueIdentifier>{EE685A71-DC34-3A5F-84E9-6EC748610E2F}</UniqueIdentifier>
    </Filter>
    <Filter Include="Actor\Character">
      <UniqueIdentifier>{4D63DC4F-52B9-3C56-940E-6A19295122C9}</UniqueIdentifier>
    </Filter>
    <Filter Include="Actor\Inventory">
      <UniqueIdentifier>{27ABFA98-47A1-32A6-8A14-3C05795C3D57}</UniqueIdentifier>
    </Filter>
    <Filter Include="Actor\Movement">
      <UniqueIdentifier>{C09B374A-9327-3A97-BA32-3FFC5EC1F3F0}</UniqueIdentifier>
    </Filter>
    <Filter Include="Actor\Animation\Actions">
      <UniqueIdentifier>{38D46CF9-D995-3706-89A3-05A92218637D}</UniqueIdentifier>
    </Filter>
    <Filter Include="Actor\Character\Movement">
      <UniqueIdentifier>{C0EF5B47-6241-3F87-89A6-B78EAFBF72D0}</UniqueIdentifier>
    </Filter>
    <Filter Include="Actor\Character\Movement\StateMachine">
      <UniqueIdentifier>{175E2530-1093-35FE-9297-52E21F0F5239}</UniqueIdentifier>
    </Filter>
    <Filter Include="Actor\Movement\StateMachine">
      <UniqueIdentifier>{ED2E2437-2A6D-3EA3-BC11-4031BCFF6322}</UniqueIdentifier>
    </Filter>
    <Filter Include="Main">
      <UniqueIdentifier>{474E84D2-68F3-3E81-B957-C032CDA9A1E9}</UniqueIdentifier>
    </Filter>
    <Filter Include="Plugin">
      <UniqueIdentifier>{4AC52BDC-48FA-324F-9386-844D284B235C}</UniqueIdentifier>
    </Filter>
    <Filter Include="Game">
      <UniqueIdentifier>{EBAD535C-F2A3-3222-A98D-3C8A6C1E5CAE}</UniqueIdentifier>
    </Filter>
    <Filter Include="Entities">
      <UniqueIdentifier>{6E04BC7F-8E55-30D5-9A6E-33D6E803621F}</UniqueIdentifier>
    </Filter>
    <Filter Include="Player">
      <UniqueIdentifier>{E4120123-1314-3D8A-99E5-DFA1DF97A35B}</UniqueIdentifier>
    </Filter>
    <Filter Include="Actor">
      <UniqueIdentifier>{D0E9927E-1519-3699-84FF-96F2345092A9}</UniqueIdentifier>
    </Filter>
    <Filter Include="Animation">
      <UniqueIdentifier>{0F7FDFE8-C023-37FE-B876-99146F050721}</UniqueIdentifier>
    </Filter>
    <Filter Include="Components">
      <UniqueIdentifier>{677DEB2C-18A8-36B3-9A12-14583DABC052}</UniqueIdentifier>
    </Filter>
    <Filter Include="ConsoleCommands">
      <UniqueIdentifier>{6A86B549-523E-3B6A-A859-4C650A21373A}</UniqueIdentifier>
    </Filter>
    <Filter Include="DynamicResponseSystem">
      <UniqueIdentifier>{FEA6A4B7-948B-32CF-B318-19C2B49AFFBD}</UniqueIdentifier>
    </Filter>
    <Filter Include="Helpers">
      <UniqueIdentifier>{2A1AA5AE-F65D-30E9-9E27-657ED54557D8}</UniqueIdentifier>
    </Filter>
    <Filter Include="Item">
      <UniqueIdentifier>{30F92896-81DF-3B70-BAFF-391577156FB8}</UniqueIdentifier>
    </Filter>
    <Filter Include="ObjectID">
      <UniqueIdentifier>{52162A0A-0007-3915-9D91-F808B8A7B5C3}</UniqueIdentifier>
    </Filter>
    <Filter Include="SharedParameters">
      <UniqueIdentifier>{6F7EFDD9-F0C9-374D-B60C-CC1B9814D7C8}</UniqueIdentifier>
    </Filter>
    <Filter Include="StateMachine">
      <UniqueIdentifier>{8527DE99-55D6-39E1-AA9E-CEEA194F3561}</UniqueIdentifier>
    </Filter>
    <Filter Include="Utility">
      <UniqueIdentifier>{90662074-2042-3F3B-A67A-64626D38A6D6}</UniqueIdentifier>
    </Filter>
  </ItemGroup>
</Project>
